
Microsoft Visual Studio Solution File, Format Version 12.00
# Visual Studio Version 17
VisualStudioVersion = 17.12.35514.174
MinimumVisualStudioVersion = 10.0.40219.1
Project("{FAE04EC0-301F-11D3-BF4B-00C04F79EFBC}") = "Tyuiu.RogovAYu.Sprint6.Task0.V6.Test", "Tyuiu.RogovAYu.Sprint6.Task0.V6.Test\Tyuiu.RogovAYu.Sprint6.Task0.V6.Test.csproj", "{A662C709-EF8F-4A80-A351-D2EE527155C8}"
EndProject
Project("{FAE04EC0-301F-11D3-BF4B-00C04F79EFBC}") = "Tyuiu.RogovAYu.Sprint6.Task0.V6.Lib", "Tyuiu.RogovAYu.Sprint6.Task0.V6.Lib\Tyuiu.RogovAYu.Sprint6.Task0.V6.Lib.csproj", "{D37BB3DC-2A1A-4D15-BC07-8D71002912B2}"
EndProject
Project("{FAE04EC0-301F-11D3-BF4B-00C04F79EFBC}") = "Tyuiu.RogovAyu.Sprint6.Task0.V6", "Tyuiu.RogovAyu.Sprint6.Task0.V6\Tyuiu.RogovAyu.Sprint6.Task0.V6.csproj", "{46CE55DE-EC9F-4CEA-8913-0E60D683D83E}"
EndProject
Project("{2150E333-8FDC-42A3-9474-1A3956D46DE8}") = "Task0", "Task0", "{D8576241-FDE2-4812-AB4A-75703CF15FBD}"
EndProject
Project("{2150E333-8FDC-42A3-9474-1A3956D46DE8}") = "Task1", "Task1", "{CDB485B4-DF13-4810-9CB0-6AAF4F2F0D09}"
EndProject
Project("{2150E333-8FDC-42A3-9474-1A3956D46DE8}") = "Task2", "Task2", "{3A8B5B16-279E-4B66-AC4A-3E770200BF4E}"
EndProject
Project("{2150E333-8FDC-42A3-9474-1A3956D46DE8}") = "Task3", "Task3", "{390A2D29-323A-4DA5-AF92-416F919CE47A}"
EndProject
Project("{2150E333-8FDC-42A3-9474-1A3956D46DE8}") = "Task4", "Task4", "{CC3026E8-A15E-4D63-9F19-4EF19E41B1A3}"
EndProject
Project("{2150E333-8FDC-42A3-9474-1A3956D46DE8}") = "Task5", "Task5", "{3CFF8421-A90C-4A76-B695-AC55DE028A2E}"
EndProject
Project("{2150E333-8FDC-42A3-9474-1A3956D46DE8}") = "Task6", "Task6", "{A87B79CB-038D-40C2-848C-C85AC378ADE7}"
EndProject
Project("{2150E333-8FDC-42A3-9474-1A3956D46DE8}") = "Task7", "Task7", "{8817D944-9D70-4235-9AFF-2CEC1EBCFCEE}"
EndProject
Project("{FAE04EC0-301F-11D3-BF4B-00C04F79EFBC}") = "Tyuiu.RogovAYu.Sprint6.Task1.V40.Test", "Tyuiu.RogovAYu.Sprint6.Task1.V40.Test\Tyuiu.RogovAYu.Sprint6.Task1.V40.Test.csproj", "{6D0CF602-5F14-4825-B4B1-55C38C061140}"
EndProject
Project("{FAE04EC0-301F-11D3-BF4B-00C04F79EFBC}") = "Tyuiu.RogovAYu.Sprint6.Task1.V30.Lib", "Tyuiu.RogovAYu.Sprint6.Task1.V30.Lib\Tyuiu.RogovAYu.Sprint6.Task1.V30.Lib.csproj", "{D0653015-FC03-42C8-908B-A49758FBF354}"
EndProject
Project("{FAE04EC0-301F-11D3-BF4B-00C04F79EFBC}") = "Tyuiu.RogovAYu.Sprint6.Task2.V10.Test", "Tyuiu.RogovAYu.Sprint6.Task2.V10.Test\Tyuiu.RogovAYu.Sprint6.Task2.V10.Test.csproj", "{4918D99A-32B7-4C45-A121-2552BEF5C9F5}"
EndProject
Project("{FAE04EC0-301F-11D3-BF4B-00C04F79EFBC}") = "Tyuiu.RogovAYu.Sprint6.Task2.V10.Lib", "Tyuiu.RogovAYu.Sprint6.Task2.V10.Lib\Tyuiu.RogovAYu.Sprint6.Task2.V10.Lib.csproj", "{766ADF07-4AF6-4C7E-B73C-FC06C9375FF0}"
EndProject
Project("{FAE04EC0-301F-11D3-BF4B-00C04F79EFBC}") = "Tyuiu.RogovAYu.Sprint6.Task3.V23.Test", "Tyuiu.RogovAYu.Sprint6.Task3.V23.Test\Tyuiu.RogovAYu.Sprint6.Task3.V23.Test.csproj", "{0FA35016-F0E6-4838-8D12-372A9691FC42}"
EndProject
Project("{FAE04EC0-301F-11D3-BF4B-00C04F79EFBC}") = "Tyuiu.RogovAYu.Sprint6.Task3.V23.Lib", "Tyuiu.RogovAYu.Sprint6.Task3.V23.Lib\Tyuiu.RogovAYu.Sprint6.Task3.V23.Lib.csproj", "{666AECAE-A9E4-4046-B2C2-6CC3D71AEF22}"
EndProject
Project("{FAE04EC0-301F-11D3-BF4B-00C04F79EFBC}") = "consoletest", "consoletest\consoletest.csproj", "{A3D3A22B-C5B0-444D-982E-2087395C1403}"
EndProject
Project("{FAE04EC0-301F-11D3-BF4B-00C04F79EFBC}") = "Tyuiu.RogovAYu.Sprint6.Task4.V30.Test", "Tyuiu.RogovAYu.Sprint6.Task4.V30.Test\Tyuiu.RogovAYu.Sprint6.Task4.V30.Test.csproj", "{D3C88334-CC9B-4EB9-A5B8-AFC07C1F4F75}"
EndProject
Project("{FAE04EC0-301F-11D3-BF4B-00C04F79EFBC}") = "Tyuiu.RogovAYu.Sprint6.Task4.V30.Lib", "Tyuiu.RogovAYu.Sprint6.Task4.V30.Lib\Tyuiu.RogovAYu.Sprint6.Task4.V30.Lib.csproj", "{647E75E8-8D8D-455C-8C42-6F7B16D72AE6}"
EndProject
Project("{FAE04EC0-301F-11D3-BF4B-00C04F79EFBC}") = "Tyuiu.RogovAYu.Sprint6.Task5.V28.Test", "Tyuiu.RogovAYu.Sprint6.Task5.V28.Test\Tyuiu.RogovAYu.Sprint6.Task5.V28.Test.csproj", "{D31D8C9B-046B-45C8-BA57-4476DFD1B62A}"
EndProject
Project("{FAE04EC0-301F-11D3-BF4B-00C04F79EFBC}") = "Tyuiu.RogovAYu.Sprint6.Task5.V28.Lib", "Tyuiu.RogovAYu.Sprint6.Task5.V28.Lib\Tyuiu.RogovAYu.Sprint6.Task5.V28.Lib.csproj", "{CC5DF849-2B13-4249-B9C4-0FF7C4F78125}"
EndProject
Project("{FAE04EC0-301F-11D3-BF4B-00C04F79EFBC}") = "Tyuiu.RogovAYu.Sprint6.Task6.V14", "Tyuiu.RogovAYu.Sprint6.Task6.V14\Tyuiu.RogovAYu.Sprint6.Task6.V14.csproj", "{719BB699-33B5-4A4D-ABD3-4F7EF024F345}"
EndProject
Project("{FAE04EC0-301F-11D3-BF4B-00C04F79EFBC}") = "Tyuiu.RogovAYu.Sprint6.Task7.V27.Test", "Tyuiu.RogovAYu.Sprint6.Task7.V27.Test\Tyuiu.RogovAYu.Sprint6.Task7.V27.Test.csproj", "{5022ED33-9D87-4349-A8BA-0E55B9DC9AB7}"
EndProject
Project("{FAE04EC0-301F-11D3-BF4B-00C04F79EFBC}") = "Tyuiu.RogovAYu.Sprint6.Task7.V27.Lib", "Tyuiu.RogovAYu.Sprint6.Task7.V27.Lib\Tyuiu.RogovAYu.Sprint6.Task7.V27.Lib.csproj", "{E710F8B3-DD6D-48D1-807B-054E4D9C320C}"
EndProject
Project("{FAE04EC0-301F-11D3-BF4B-00C04F79EFBC}") = "Tyuiu.RogovAYu.Sprint6.Task1.V30", "Tyuiu.RogovAYu.Sprint6.Task1.V30\Tyuiu.RogovAYu.Sprint6.Task1.V30.csproj", "{73EFD4CB-1DF3-411F-8185-9DC1F51CE825}"
EndProject
Global
	GlobalSection(SolutionConfigurationPlatforms) = preSolution
		Debug|Any CPU = Debug|Any CPU
		Release|Any CPU = Release|Any CPU
	EndGlobalSection
	GlobalSection(ProjectConfigurationPlatforms) = postSolution
		{A662C709-EF8F-4A80-A351-D2EE527155C8}.Debug|Any CPU.ActiveCfg = Debug|Any CPU
		{A662C709-EF8F-4A80-A351-D2EE527155C8}.Debug|Any CPU.Build.0 = Debug|Any CPU
		{A662C709-EF8F-4A80-A351-D2EE527155C8}.Release|Any CPU.ActiveCfg = Release|Any CPU
		{A662C709-EF8F-4A80-A351-D2EE527155C8}.Release|Any CPU.Build.0 = Release|Any CPU
		{D37BB3DC-2A1A-4D15-BC07-8D71002912B2}.Debug|Any CPU.ActiveCfg = Debug|Any CPU
		{D37BB3DC-2A1A-4D15-BC07-8D71002912B2}.Debug|Any CPU.Build.0 = Debug|Any CPU
		{D37BB3DC-2A1A-4D15-BC07-8D71002912B2}.Release|Any CPU.ActiveCfg = Release|Any CPU
		{D37BB3DC-2A1A-4D15-BC07-8D71002912B2}.Release|Any CPU.Build.0 = Release|Any CPU
		{46CE55DE-EC9F-4CEA-8913-0E60D683D83E}.Debug|Any CPU.ActiveCfg = Debug|Any CPU
		{46CE55DE-EC9F-4CEA-8913-0E60D683D83E}.Debug|Any CPU.Build.0 = Debug|Any CPU
		{46CE55DE-EC9F-4CEA-8913-0E60D683D83E}.Release|Any CPU.ActiveCfg = Release|Any CPU
		{46CE55DE-EC9F-4CEA-8913-0E60D683D83E}.Release|Any CPU.Build.0 = Release|Any CPU
		{6D0CF602-5F14-4825-B4B1-55C38C061140}.Debug|Any CPU.ActiveCfg = Debug|Any CPU
		{6D0CF602-5F14-4825-B4B1-55C38C061140}.Debug|Any CPU.Build.0 = Debug|Any CPU
		{6D0CF602-5F14-4825-B4B1-55C38C061140}.Release|Any CPU.ActiveCfg = Release|Any CPU
		{6D0CF602-5F14-4825-B4B1-55C38C061140}.Release|Any CPU.Build.0 = Release|Any CPU
		{D0653015-FC03-42C8-908B-A49758FBF354}.Debug|Any CPU.ActiveCfg = Debug|Any CPU
		{D0653015-FC03-42C8-908B-A49758FBF354}.Debug|Any CPU.Build.0 = Debug|Any CPU
		{D0653015-FC03-42C8-908B-A49758FBF354}.Release|Any CPU.ActiveCfg = Release|Any CPU
		{D0653015-FC03-42C8-908B-A49758FBF354}.Release|Any CPU.Build.0 = Release|Any CPU
		{4918D99A-32B7-4C45-A121-2552BEF5C9F5}.Debug|Any CPU.ActiveCfg = Debug|Any CPU
		{4918D99A-32B7-4C45-A121-2552BEF5C9F5}.Debug|Any CPU.Build.0 = Debug|Any CPU
		{4918D99A-32B7-4C45-A121-2552BEF5C9F5}.Release|Any CPU.ActiveCfg = Release|Any CPU
		{4918D99A-32B7-4C45-A121-2552BEF5C9F5}.Release|Any CPU.Build.0 = Release|Any CPU
		{766ADF07-4AF6-4C7E-B73C-FC06C9375FF0}.Debug|Any CPU.ActiveCfg = Debug|Any CPU
		{766ADF07-4AF6-4C7E-B73C-FC06C9375FF0}.Debug|Any CPU.Build.0 = Debug|Any CPU
		{766ADF07-4AF6-4C7E-B73C-FC06C9375FF0}.Release|Any CPU.ActiveCfg = Release|Any CPU
		{766ADF07-4AF6-4C7E-B73C-FC06C9375FF0}.Release|Any CPU.Build.0 = Release|Any CPU
		{0FA35016-F0E6-4838-8D12-372A9691FC42}.Debug|Any CPU.ActiveCfg = Debug|Any CPU
		{0FA35016-F0E6-4838-8D12-372A9691FC42}.Debug|Any CPU.Build.0 = Debug|Any CPU
		{0FA35016-F0E6-4838-8D12-372A9691FC42}.Release|Any CPU.ActiveCfg = Release|Any CPU
		{0FA35016-F0E6-4838-8D12-372A9691FC42}.Release|Any CPU.Build.0 = Release|Any CPU
		{666AECAE-A9E4-4046-B2C2-6CC3D71AEF22}.Debug|Any CPU.ActiveCfg = Debug|Any CPU
		{666AECAE-A9E4-4046-B2C2-6CC3D71AEF22}.Debug|Any CPU.Build.0 = Debug|Any CPU
		{666AECAE-A9E4-4046-B2C2-6CC3D71AEF22}.Release|Any CPU.ActiveCfg = Release|Any CPU
		{666AECAE-A9E4-4046-B2C2-6CC3D71AEF22}.Release|Any CPU.Build.0 = Release|Any CPU
		{A3D3A22B-C5B0-444D-982E-2087395C1403}.Debug|Any CPU.ActiveCfg = Debug|Any CPU
		{A3D3A22B-C5B0-444D-982E-2087395C1403}.Debug|Any CPU.Build.0 = Debug|Any CPU
		{A3D3A22B-C5B0-444D-982E-2087395C1403}.Release|Any CPU.ActiveCfg = Release|Any CPU
		{A3D3A22B-C5B0-444D-982E-2087395C1403}.Release|Any CPU.Build.0 = Release|Any CPU
		{D3C88334-CC9B-4EB9-A5B8-AFC07C1F4F75}.Debug|Any CPU.ActiveCfg = Debug|Any CPU
		{D3C88334-CC9B-4EB9-A5B8-AFC07C1F4F75}.Debug|Any CPU.Build.0 = Debug|Any CPU
		{D3C88334-CC9B-4EB9-A5B8-AFC07C1F4F75}.Release|Any CPU.ActiveCfg = Release|Any CPU
		{D3C88334-CC9B-4EB9-A5B8-AFC07C1F4F75}.Release|Any CPU.Build.0 = Release|Any CPU
		{647E75E8-8D8D-455C-8C42-6F7B16D72AE6}.Debug|Any CPU.ActiveCfg = Debug|Any CPU
		{647E75E8-8D8D-455C-8C42-6F7B16D72AE6}.Debug|Any CPU.Build.0 = Debug|Any CPU
		{647E75E8-8D8D-455C-8C42-6F7B16D72AE6}.Release|Any CPU.ActiveCfg = Release|Any CPU
		{647E75E8-8D8D-455C-8C42-6F7B16D72AE6}.Release|Any CPU.Build.0 = Release|Any CPU
		{D31D8C9B-046B-45C8-BA57-4476DFD1B62A}.Debug|Any CPU.ActiveCfg = Debug|Any CPU
		{D31D8C9B-046B-45C8-BA57-4476DFD1B62A}.Debug|Any CPU.Build.0 = Debug|Any CPU
		{D31D8C9B-046B-45C8-BA57-4476DFD1B62A}.Release|Any CPU.ActiveCfg = Release|Any CPU
		{D31D8C9B-046B-45C8-BA57-4476DFD1B62A}.Release|Any CPU.Build.0 = Release|Any CPU
		{CC5DF849-2B13-4249-B9C4-0FF7C4F78125}.Debug|Any CPU.ActiveCfg = Debug|Any CPU
		{CC5DF849-2B13-4249-B9C4-0FF7C4F78125}.Debug|Any CPU.Build.0 = Debug|Any CPU
		{CC5DF849-2B13-4249-B9C4-0FF7C4F78125}.Release|Any CPU.ActiveCfg = Release|Any CPU
		{CC5DF849-2B13-4249-B9C4-0FF7C4F78125}.Release|Any CPU.Build.0 = Release|Any CPU
		{719BB699-33B5-4A4D-ABD3-4F7EF024F345}.Debug|Any CPU.ActiveCfg = Debug|Any CPU
		{719BB699-33B5-4A4D-ABD3-4F7EF024F345}.Debug|Any CPU.Build.0 = Debug|Any CPU
		{719BB699-33B5-4A4D-ABD3-4F7EF024F345}.Release|Any CPU.ActiveCfg = Release|Any CPU
		{719BB699-33B5-4A4D-ABD3-4F7EF024F345}.Release|Any CPU.Build.0 = Release|Any CPU
		{5022ED33-9D87-4349-A8BA-0E55B9DC9AB7}.Debug|Any CPU.ActiveCfg = Debug|Any CPU
		{5022ED33-9D87-4349-A8BA-0E55B9DC9AB7}.Debug|Any CPU.Build.0 = Debug|Any CPU
		{5022ED33-9D87-4349-A8BA-0E55B9DC9AB7}.Release|Any CPU.ActiveCfg = Release|Any CPU
		{5022ED33-9D87-4349-A8BA-0E55B9DC9AB7}.Release|Any CPU.Build.0 = Release|Any CPU
		{E710F8B3-DD6D-48D1-807B-054E4D9C320C}.Debug|Any CPU.ActiveCfg = Debug|Any CPU
		{E710F8B3-DD6D-48D1-807B-054E4D9C320C}.Debug|Any CPU.Build.0 = Debug|Any CPU
		{E710F8B3-DD6D-48D1-807B-054E4D9C320C}.Release|Any CPU.ActiveCfg = Release|Any CPU
		{E710F8B3-DD6D-48D1-807B-054E4D9C320C}.Release|Any CPU.Build.0 = Release|Any CPU
		{73EFD4CB-1DF3-411F-8185-9DC1F51CE825}.Debug|Any CPU.ActiveCfg = Debug|Any CPU
		{73EFD4CB-1DF3-411F-8185-9DC1F51CE825}.Debug|Any CPU.Build.0 = Debug|Any CPU
		{73EFD4CB-1DF3-411F-8185-9DC1F51CE825}.Release|Any CPU.ActiveCfg = Release|Any CPU
		{73EFD4CB-1DF3-411F-8185-9DC1F51CE825}.Release|Any CPU.Build.0 = Release|Any CPU
	EndGlobalSection
	GlobalSection(SolutionProperties) = preSolution
		HideSolutionNode = FALSE
	EndGlobalSection
	GlobalSection(NestedProjects) = preSolution
		{A662C709-EF8F-4A80-A351-D2EE527155C8} = {D8576241-FDE2-4812-AB4A-75703CF15FBD}
		{D37BB3DC-2A1A-4D15-BC07-8D71002912B2} = {D8576241-FDE2-4812-AB4A-75703CF15FBD}
		{46CE55DE-EC9F-4CEA-8913-0E60D683D83E} = {D8576241-FDE2-4812-AB4A-75703CF15FBD}
		{6D0CF602-5F14-4825-B4B1-55C38C061140} = {CDB485B4-DF13-4810-9CB0-6AAF4F2F0D09}
		{D0653015-FC03-42C8-908B-A49758FBF354} = {CDB485B4-DF13-4810-9CB0-6AAF4F2F0D09}
		{4918D99A-32B7-4C45-A121-2552BEF5C9F5} = {3A8B5B16-279E-4B66-AC4A-3E770200BF4E}
		{766ADF07-4AF6-4C7E-B73C-FC06C9375FF0} = {3A8B5B16-279E-4B66-AC4A-3E770200BF4E}
		{0FA35016-F0E6-4838-8D12-372A9691FC42} = {390A2D29-323A-4DA5-AF92-416F919CE47A}
		{666AECAE-A9E4-4046-B2C2-6CC3D71AEF22} = {390A2D29-323A-4DA5-AF92-416F919CE47A}
		{A3D3A22B-C5B0-444D-982E-2087395C1403} = {390A2D29-323A-4DA5-AF92-416F919CE47A}
		{D3C88334-CC9B-4EB9-A5B8-AFC07C1F4F75} = {CC3026E8-A15E-4D63-9F19-4EF19E41B1A3}
		{647E75E8-8D8D-455C-8C42-6F7B16D72AE6} = {CC3026E8-A15E-4D63-9F19-4EF19E41B1A3}
		{D31D8C9B-046B-45C8-BA57-4476DFD1B62A} = {3CFF8421-A90C-4A76-B695-AC55DE028A2E}
		{CC5DF849-2B13-4249-B9C4-0FF7C4F78125} = {3CFF8421-A90C-4A76-B695-AC55DE028A2E}
		{719BB699-33B5-4A4D-ABD3-4F7EF024F345} = {A87B79CB-038D-40C2-848C-C85AC378ADE7}
		{5022ED33-9D87-4349-A8BA-0E55B9DC9AB7} = {8817D944-9D70-4235-9AFF-2CEC1EBCFCEE}
		{E710F8B3-DD6D-48D1-807B-054E4D9C320C} = {8817D944-9D70-4235-9AFF-2CEC1EBCFCEE}
		{73EFD4CB-1DF3-411F-8185-9DC1F51CE825} = {CDB485B4-DF13-4810-9CB0-6AAF4F2F0D09}
	EndGlobalSection
EndGlobal
